Microsoft Visual Studio Solution File, Format Version 11.00
# Visual Studio 2008

Project("{D07C5B11-6FC0-5965-BD12-0DB846BE74E6}") = "MachineLearningVisualization", "Assembly-CSharp-firstpass.csproj", "{91DCEF13-0F0C-B949-A874-DA4507C5CD17}"
EndProject
Project("{D07C5B11-6FC0-5965-BD12-0DB846BE74E6}") = "MachineLearningVisualization", "Assembly-CSharp.csproj", "{B8EE129A-730D-0CA2-18DE-BF32419D2FB6}"
EndProject
Global
	GlobalSection(SolutionConfigurationPlatforms) = preSolution
		Debug|Any CPU = Debug|Any CPU
		Release|Any CPU = Release|Any CPU
	EndGlobalSection
	GlobalSection(ProjectConfigurationPlatforms) = postSolution
		{91DCEF13-0F0C-B949-A874-DA4507C5CD17}.Debug|Any CPU.ActiveCfg = Debug|Any CPU
		{91DCEF13-0F0C-B949-A874-DA4507C5CD17}.Debug|Any CPU.Build.0 = Debug|Any CPU
		{91DCEF13-0F0C-B949-A874-DA4507C5CD17}.Release|Any CPU.ActiveCfg = Release|Any CPU
		{91DCEF13-0F0C-B949-A874-DA4507C5CD17}.Release|Any CPU.Build.0 = Release|Any CPU
		{B8EE129A-730D-0CA2-18DE-BF32419D2FB6}.Debug|Any CPU.ActiveCfg = Debug|Any CPU
		{B8EE129A-730D-0CA2-18DE-BF32419D2FB6}.Debug|Any CPU.Build.0 = Debug|Any CPU
		{B8EE129A-730D-0CA2-18DE-BF32419D2FB6}.Release|Any CPU.ActiveCfg = Release|Any CPU
		{B8EE129A-730D-0CA2-18DE-BF32419D2FB6}.Release|Any CPU.Build.0 = Release|Any CPU
	EndGlobalSection
	GlobalSection(SolutionProperties) = preSolution
		HideSolutionNode = FALSE
	EndGlobalSection
	GlobalSection(MonoDevelopProperties) = preSolution
		StartupItem = Assembly-CSharp.csproj
	EndGlobalSection
EndGlobal
